
Microsoft Visual Studio Solution File, Format Version 12.00
# Visual Studio Version 17
VisualStudioVersion = 17.5.002.0
MinimumVisualStudioVersion = 10.0.40219.1
Project("{9A19103F-16F7-4668-BE54-9A1E7A4F7556}") = "TecTrekAPI", "TecTrekAPI.csproj", "{280C5056-772D-4563-9491-C887361F2CBE}"
EndProject
Global
	GlobalSection(SolutionConfigurationPlatforms) = preSolution
		Debug|Any CPU = Debug|Any CPU
		Release|Any CPU = Release|Any CPU
	EndGlobalSection
	GlobalSection(ProjectConfigurationPlatforms) = postSolution
		{280C5056-772D-4563-9491-C887361F2CBE}.Debug|Any CPU.ActiveCfg = Debug|Any CPU
		{280C5056-772D-4563-9491-C887361F2CBE}.Debug|Any CPU.Build.0 = Debug|Any CPU
		{280C5056-772D-4563-9491-C887361F2CBE}.Release|Any CPU.ActiveCfg = Release|Any CPU
		{280C5056-772D-4563-9491-C887361F2CBE}.Release|Any CPU.Build.0 = Release|Any CPU
	EndGlobalSection
	GlobalSection(SolutionProperties) = preSolution
		HideSolutionNode = FALSE
	EndGlobalSection
	GlobalSection(ExtensibilityGlobals) = postSolution
		SolutionGuid = {DD0444B9-2C6B-4446-B3C4-9A98D9375C45}
	EndGlobalSection
EndGlobal
