
Microsoft Visual Studio Solution File, Format Version 12.00
# Visual Studio Version 16
VisualStudioVersion = 25.0.1706.6
MinimumVisualStudioVersion = 10.0.40219.1
Project("{FAE04EC0-301F-11D3-BF4B-00C04F79EFBC}") = "TecTrekAPI", "TecTrekAPI\TecTrekAPI.csproj", "{7896FB66-E7B5-431F-9D0E-5E0E10239E30}"
EndProject
Global
	GlobalSection(SolutionConfigurationPlatforms) = preSolution
		Debug|Any CPU = Debug|Any CPU
		Release|Any CPU = Release|Any CPU
	EndGlobalSection
	GlobalSection(ProjectConfigurationPlatforms) = postSolution
		{7896FB66-E7B5-431F-9D0E-5E0E10239E30}.Debug|Any CPU.ActiveCfg = Debug|Any CPU
		{7896FB66-E7B5-431F-9D0E-5E0E10239E30}.Debug|Any CPU.Build.0 = Debug|Any CPU
		{7896FB66-E7B5-431F-9D0E-5E0E10239E30}.Release|Any CPU.ActiveCfg = Release|Any CPU
		{7896FB66-E7B5-431F-9D0E-5E0E10239E30}.Release|Any CPU.Build.0 = Release|Any CPU
	EndGlobalSection
	GlobalSection(SolutionProperties) = preSolution
		HideSolutionNode = FALSE
	EndGlobalSection
	GlobalSection(ExtensibilityGlobals) = postSolution
		SolutionGuid = {E006ED02-397A-45BF-8EA6-181F6FFC374C}
	EndGlobalSection
EndGlobal
